
Microsoft Visual Studio Solution File, Format Version 12.00
# Visual Studio Version 17
VisualStudioVersion = 17.14.36408.4 d17.14
MinimumVisualStudioVersion = 10.0.40219.1
Project("{FAE04EC0-301F-11D3-BF4B-00C04F79EFBC}") = "LoginApp", "LoginApp\LoginApp.csproj", "{CF3F43E6-C3EC-44CD-9C86-01DBACE0D821}"
EndProject
Global
	GlobalSection(SolutionConfigurationPlatforms) = preSolution
		Debug|Any CPU = Debug|Any CPU
		Release|Any CPU = Release|Any CPU
	EndGlobalSection
	GlobalSection(ProjectConfigurationPlatforms) = postSolution
		{CF3F43E6-C3EC-44CD-9C86-01DBACE0D821}.Debug|Any CPU.ActiveCfg = Debug|Any CPU
		{CF3F43E6-C3EC-44CD-9C86-01DBACE0D821}.Debug|Any CPU.Build.0 = Debug|Any CPU
		{CF3F43E6-C3EC-44CD-9C86-01DBACE0D821}.Debug|Any CPU.Deploy.0 = Debug|Any CPU
		{CF3F43E6-C3EC-44CD-9C86-01DBACE0D821}.Release|Any CPU.ActiveCfg = Release|Any CPU
		{CF3F43E6-C3EC-44CD-9C86-01DBACE0D821}.Release|Any CPU.Build.0 = Release|Any CPU
		{CF3F43E6-C3EC-44CD-9C86-01DBACE0D821}.Release|Any CPU.Deploy.0 = Release|Any CPU
	EndGlobalSection
	GlobalSection(SolutionProperties) = preSolution
		HideSolutionNode = FALSE
	EndGlobalSection
	GlobalSection(ExtensibilityGlobals) = postSolution
		SolutionGuid = {C4298BAF-6A6B-4B16-A7F6-5E05D539D8A3}
	EndGlobalSection
EndGlobal
